
Microsoft Visual Studio Solution File, Format Version 12.00
# Visual Studio 15
VisualStudioVersion = 15.0.27130.2027
MinimumVisualStudioVersion = 10.0.40219.1
Project("{8BC9CEB8-8B4A-11D0-8D11-00A0C91BC942}") = "Lab9", "Lab9\Lab9.vcxproj", "{C688523B-9954-48CA-81BA-543ED47C334B}"
EndProject
Global
	GlobalSection(SolutionConfigurationPlatforms) = preSolution
		Debug|x64 = Debug|x64
		Debug|x86 = Debug|x86
		Release|x64 = Release|x64
		Release|x86 = Release|x86
	EndGlobalSection
	GlobalSection(ProjectConfigurationPlatforms) = postSolution
		{C688523B-9954-48CA-81BA-543ED47C334B}.Debug|x64.ActiveCfg = Debug|x64
		{C688523B-9954-48CA-81BA-543ED47C334B}.Debug|x64.Build.0 = Debug|x64
		{C688523B-9954-48CA-81BA-543ED47C334B}.Debug|x86.ActiveCfg = Debug|Win32
		{C688523B-9954-48CA-81BA-543ED47C334B}.Debug|x86.Build.0 = Debug|Win32
		{C688523B-9954-48CA-81BA-543ED47C334B}.Release|x64.ActiveCfg = Release|x64
		{C688523B-9954-48CA-81BA-543ED47C334B}.Release|x64.Build.0 = Release|x64
		{C688523B-9954-48CA-81BA-543ED47C334B}.Release|x86.ActiveCfg = Release|Win32
		{C688523B-9954-48CA-81BA-543ED47C334B}.Release|x86.Build.0 = Release|Win32
	EndGlobalSection
	GlobalSection(SolutionProperties) = preSolution
		HideSolutionNode = FALSE
	EndGlobalSection
	GlobalSection(ExtensibilityGlobals) = postSolution
		SolutionGuid = {CB3119DC-D336-4CF0-9E64-E0B3E8DD20D8}
	EndGlobalSection
EndGlobal
